// !$*UTF8*$!
{
	archiveVersion = 1;
	classes = {
	};
	objectVersion = 56;
	objects = {

/* Begin PBXBuildFile section */
		CE01E9292A33833C00CAF4C1 /* PokemonInfoCollectionViewCell.xib in Resources */ = {isa = PBXBuildFile; fileRef = CE01E9282A33833C00CAF4C1 /* PokemonInfoCollectionViewCell.xib */; };
		CE01E92B2A33834800CAF4C1 /* PokemonInfoCollectionViewCell.swift in Sources */ = {isa = PBXBuildFile; fileRef = CE01E92A2A33834800CAF4C1 /* PokemonInfoCollectionViewCell.swift */; };
		CE3E3E322A1FB284006B8097 /* Pokedex.swift in Sources */ = {isa = PBXBuildFile; fileRef = CE3E3E312A1FB284006B8097 /* Pokedex.swift */; };
		CE3E3E342A1FB2BB006B8097 /* PokedexResponse.swift in Sources */ = {isa = PBXBuildFile; fileRef = CE3E3E332A1FB2BB006B8097 /* PokedexResponse.swift */; };
		CE3E3E362A1FB31F006B8097 /* PokedexViewModel.swift in Sources */ = {isa = PBXBuildFile; fileRef = CE3E3E352A1FB31F006B8097 /* PokedexViewModel.swift */; };
		CE4FB22D2A21042D00312F6C /* PokemonListCoordinator.swift in Sources */ = {isa = PBXBuildFile; fileRef = CE4FB22C2A21042D00312F6C /* PokemonListCoordinator.swift */; };
		CE4FB22F2A21047200312F6C /* PokemonListViewModel.swift in Sources */ = {isa = PBXBuildFile; fileRef = CE4FB22E2A21047200312F6C /* PokemonListViewModel.swift */; };
		CE4FB2312A21064F00312F6C /* PokemonResponse.swift in Sources */ = {isa = PBXBuildFile; fileRef = CE4FB2302A21064F00312F6C /* PokemonResponse.swift */; };
		CE4FB2332A21067000312F6C /* Pokemon.swift in Sources */ = {isa = PBXBuildFile; fileRef = CE4FB2322A21067000312F6C /* Pokemon.swift */; };
		CE4FB2362A210B5300312F6C /* PokemonListViewController.swift in Sources */ = {isa = PBXBuildFile; fileRef = CE4FB2352A210B5300312F6C /* PokemonListViewController.swift */; };
		CE4FB2392A21157A00312F6C /* GoogleSignIn in Frameworks */ = {isa = PBXBuildFile; productRef = CE4FB2382A21157A00312F6C /* GoogleSignIn */; };
		CE4FB23B2A21157A00312F6C /* GoogleSignInSwift in Frameworks */ = {isa = PBXBuildFile; productRef = CE4FB23A2A21157A00312F6C /* GoogleSignInSwift */; };
		CE4FB23D2A21162500312F6C /* GoogleService-Info.plist in Resources */ = {isa = PBXBuildFile; fileRef = CE4FB23C2A21162500312F6C /* GoogleService-Info.plist */; };
		CE4FB2432A21180A00312F6C /* LogInViewController.xib in Resources */ = {isa = PBXBuildFile; fileRef = CE4FB2422A21180A00312F6C /* LogInViewController.xib */; };
		CE4FB2452A21181700312F6C /* LogInViewController.swift in Sources */ = {isa = PBXBuildFile; fileRef = CE4FB2442A21181700312F6C /* LogInViewController.swift */; };
		CE8A40AB2A1BF9B40027FE90 /* FirebaseAnalytics in Frameworks */ = {isa = PBXBuildFile; productRef = CE8A40AA2A1BF9B40027FE90 /* FirebaseAnalytics */; };
		CE8A40AD2A1BF9B40027FE90 /* FirebaseDatabase in Frameworks */ = {isa = PBXBuildFile; productRef = CE8A40AC2A1BF9B40027FE90 /* FirebaseDatabase */; };
		CE8A40AF2A1BF9B40027FE90 /* FirebaseDatabaseSwift in Frameworks */ = {isa = PBXBuildFile; productRef = CE8A40AE2A1BF9B40027FE90 /* FirebaseDatabaseSwift */; };
		CE8A40B22A1BFA470027FE90 /* CodableFirebase in Frameworks */ = {isa = PBXBuildFile; productRef = CE8A40B12A1BFA470027FE90 /* CodableFirebase */; };
		CE8A40B52A1BFBB60027FE90 /* APIManager.swift in Sources */ = {isa = PBXBuildFile; fileRef = CE8A40B42A1BFBB60027FE90 /* APIManager.swift */; };
		CE8A40B72A1BFBBF0027FE90 /* Failure.swift in Sources */ = {isa = PBXBuildFile; fileRef = CE8A40B62A1BFBBF0027FE90 /* Failure.swift */; };
		CE8A40BA2A1BFC0D0027FE90 /* Region.swift in Sources */ = {isa = PBXBuildFile; fileRef = CE8A40B92A1BFC0D0027FE90 /* Region.swift */; };
		CE8A40BC2A1BFC160027FE90 /* RegionResponse.swift in Sources */ = {isa = PBXBuildFile; fileRef = CE8A40BB2A1BFC160027FE90 /* RegionResponse.swift */; };
		CE8A40BE2A1BFF8F0027FE90 /* HomeViewModel.swift in Sources */ = {isa = PBXBuildFile; fileRef = CE8A40BD2A1BFF8F0027FE90 /* HomeViewModel.swift */; };
		CE8A40C02A1BFFEC0027FE90 /* HomeCoordinator.swift in Sources */ = {isa = PBXBuildFile; fileRef = CE8A40BF2A1BFFEC0027FE90 /* HomeCoordinator.swift */; };
		CE8A40C22A1C00AB0027FE90 /* HomeViewController.swift in Sources */ = {isa = PBXBuildFile; fileRef = CE8A40C12A1C00AB0027FE90 /* HomeViewController.swift */; };
		CE8A40C52A1C02D50027FE90 /* UIAlertController+Builder.swift in Sources */ = {isa = PBXBuildFile; fileRef = CE8A40C42A1C02D50027FE90 /* UIAlertController+Builder.swift */; };
		CE8A40C92A1C03510027FE90 /* UICollectionViewController.swift in Sources */ = {isa = PBXBuildFile; fileRef = CE8A40C82A1C03510027FE90 /* UICollectionViewController.swift */; };
		CE8C94222A1E9C9D00193F5C /* ImageCacheStore.swift in Sources */ = {isa = PBXBuildFile; fileRef = CE8C94212A1E9C9D00193F5C /* ImageCacheStore.swift */; };
		CE8C94242A1EAEC200193F5C /* PokemonGB.ttf in Resources */ = {isa = PBXBuildFile; fileRef = CE8C94232A1EAD0800193F5C /* PokemonGB.ttf */; };
		CEABD4F92AD8407800DB81F1 /* SideViewModel.swift in Sources */ = {isa = PBXBuildFile; fileRef = CEABD4F82AD8407800DB81F1 /* SideViewModel.swift */; };
		CEABD4FB2AD840AB00DB81F1 /* Option.swift in Sources */ = {isa = PBXBuildFile; fileRef = CEABD4FA2AD840AB00DB81F1 /* Option.swift */; };
		CEABD4FD2AD840E200DB81F1 /* SidebarCollectionView.swift in Sources */ = {isa = PBXBuildFile; fileRef = CEABD4FC2AD840E200DB81F1 /* SidebarCollectionView.swift */; };
		CEABD4FF2AD8410E00DB81F1 /* SidebarView.swift in Sources */ = {isa = PBXBuildFile; fileRef = CEABD4FE2AD8410E00DB81F1 /* SidebarView.swift */; };
		CEABD5012AD8412900DB81F1 /* SidebarViewContainer.swift in Sources */ = {isa = PBXBuildFile; fileRef = CEABD5002AD8412900DB81F1 /* SidebarViewContainer.swift */; };
		CEABD5032AD8418F00DB81F1 /* UIWindow.swift in Sources */ = {isa = PBXBuildFile; fileRef = CEABD5022AD8418F00DB81F1 /* UIWindow.swift */; };
		CEABD5092AD843D100DB81F1 /* TeamListViewModel.swift in Sources */ = {isa = PBXBuildFile; fileRef = CEABD5082AD843D100DB81F1 /* TeamListViewModel.swift */; };
		CEABD50B2AD8440500DB81F1 /* TeamListViewController.swift in Sources */ = {isa = PBXBuildFile; fileRef = CEABD50A2AD8440500DB81F1 /* TeamListViewController.swift */; };
		CEABD50D2AD8444800DB81F1 /* Team.swift in Sources */ = {isa = PBXBuildFile; fileRef = CEABD50C2AD8444800DB81F1 /* Team.swift */; };
		CEABD50F2AD8446200DB81F1 /* TeamListCoordinator.swift in Sources */ = {isa = PBXBuildFile; fileRef = CEABD50E2AD8446200DB81F1 /* TeamListCoordinator.swift */; };
		CEABD5152AD8476300DB81F1 /* PokemonTeamViewModel.swift in Sources */ = {isa = PBXBuildFile; fileRef = CEABD5142AD8476300DB81F1 /* PokemonTeamViewModel.swift */; };
		CEABD5172AD84AF700DB81F1 /* PokemonTeamViewController.swift in Sources */ = {isa = PBXBuildFile; fileRef = CEABD5162AD84AF700DB81F1 /* PokemonTeamViewController.swift */; };
		CEABD5192AD84B2D00DB81F1 /* PokemonTeamCoordinator.swift in Sources */ = {isa = PBXBuildFile; fileRef = CEABD5182AD84B2D00DB81F1 /* PokemonTeamCoordinator.swift */; };
		CEADD9062A322B8B00524572 /* UIView.swift in Sources */ = {isa = PBXBuildFile; fileRef = CEADD9052A322B8B00524572 /* UIView.swift */; };
		CEB480822A40ED7E00B51D3F /* Colors.xcassets in Resources */ = {isa = PBXBuildFile; fileRef = CEB480812A40ED7E00B51D3F /* Colors.xcassets */; };
		CECC75E02974E11C00A77A30 /* AppDelegate.swift in Sources */ = {isa = PBXBuildFile; fileRef = CECC75DF2974E11C00A77A30 /* AppDelegate.swift */; };
		CECC75E92974E11C00A77A30 /* Assets.xcassets in Resources */ = {isa = PBXBuildFile; fileRef = CECC75E82974E11C00A77A30 /* Assets.xcassets */; };
		CECC75EC2974E11C00A77A30 /* LaunchScreen.storyboard in Resources */ = {isa = PBXBuildFile; fileRef = CECC75EA2974E11C00A77A30 /* LaunchScreen.storyboard */; };
		CECF31F12A24F5C400131DF0 /* PokemonViewCell.xib in Resources */ = {isa = PBXBuildFile; fileRef = CECF31F02A24F5C400131DF0 /* PokemonViewCell.xib */; };
		CECF31F32A24F5D500131DF0 /* PokemonViewCell.swift in Sources */ = {isa = PBXBuildFile; fileRef = CECF31F22A24F5D500131DF0 /* PokemonViewCell.swift */; };
		CECF31F52A24FB5E00131DF0 /* UICollectionView+ReusableView.swift in Sources */ = {isa = PBXBuildFile; fileRef = CECF31F42A24FB5E00131DF0 /* UICollectionView+ReusableView.swift */; };
		CECF31F72A253A7000131DF0 /* PokemonListViewController.xib in Resources */ = {isa = PBXBuildFile; fileRef = CECF31F62A253A7000131DF0 /* PokemonListViewController.xib */; };
		CED485372A264AD700428178 /* PokemonInfoCoordinator.swift in Sources */ = {isa = PBXBuildFile; fileRef = CED485362A264AD700428178 /* PokemonInfoCoordinator.swift */; };
		CED485392A264B4A00428178 /* PokemonInfo.swift in Sources */ = {isa = PBXBuildFile; fileRef = CED485382A264B4A00428178 /* PokemonInfo.swift */; };
		CED4853B2A264F2400428178 /* FlavorText.swift in Sources */ = {isa = PBXBuildFile; fileRef = CED4853A2A264F2400428178 /* FlavorText.swift */; };
		CED4853D2A264F2D00428178 /* Group.swift in Sources */ = {isa = PBXBuildFile; fileRef = CED4853C2A264F2D00428178 /* Group.swift */; };
		CED4853F2A264F3300428178 /* Language.swift in Sources */ = {isa = PBXBuildFile; fileRef = CED4853E2A264F3300428178 /* Language.swift */; };
		CED485412A2651E000428178 /* PokemonInfoViewModel.swift in Sources */ = {isa = PBXBuildFile; fileRef = CED485402A2651E000428178 /* PokemonInfoViewModel.swift */; };
		CED485432A2652DE00428178 /* PokemonInfoViewController.xib in Resources */ = {isa = PBXBuildFile; fileRef = CED485422A2652DE00428178 /* PokemonInfoViewController.xib */; };
		CED485452A2652F500428178 /* PokemonInfoViewController.swift in Sources */ = {isa = PBXBuildFile; fileRef = CED485442A2652F500428178 /* PokemonInfoViewController.swift */; };
		CED812EB2A27D1890028DC4D /* StatsView.xib in Resources */ = {isa = PBXBuildFile; fileRef = CED812EA2A27D1890028DC4D /* StatsView.xib */; };
		CED812ED2A27D1910028DC4D /* StatsView.swift in Sources */ = {isa = PBXBuildFile; fileRef = CED812EC2A27D1910028DC4D /* StatsView.swift */; };
		CED9E2612A2120A000B27DE5 /* LogInCoordinator.swift in Sources */ = {isa = PBXBuildFile; fileRef = CED9E2602A2120A000B27DE5 /* LogInCoordinator.swift */; };
		CED9E2632A21211500B27DE5 /* LogInViewModel.swift in Sources */ = {isa = PBXBuildFile; fileRef = CED9E2622A21211500B27DE5 /* LogInViewModel.swift */; };
		CED9E2652A2121B400B27DE5 /* UserDefaultsManager.swift in Sources */ = {isa = PBXBuildFile; fileRef = CED9E2642A2121B400B27DE5 /* UserDefaultsManager.swift */; };
		CED9E2682A2123F800B27DE5 /* FirebaseAuth in Frameworks */ = {isa = PBXBuildFile; productRef = CED9E2672A2123F800B27DE5 /* FirebaseAuth */; };
		CEE4EF712A2A43180072A6EF /* Pokemon Solid.ttf in Resources */ = {isa = PBXBuildFile; fileRef = CEE4EF702A2A42F20072A6EF /* Pokemon Solid.ttf */; };
		CEE99DC92A6ED8B60099838C /* TTRoundsNeue-DemiBold.ttf in Resources */ = {isa = PBXBuildFile; fileRef = CEE99DC82A6ED8AC0099838C /* TTRoundsNeue-DemiBold.ttf */; };
		CEEAC70F2A42554C0093F96A /* Pods_poke_test.framework in Frameworks */ = {isa = PBXBuildFile; fileRef = E0FFCD87773F4A00CE59FC00 /* Pods_poke_test.framework */; };
		CEEAC7102A42554C0093F96A /* Pods_poke_test.framework in Embed Frameworks */ = {isa = PBXBuildFile; fileRef = E0FFCD87773F4A00CE59FC00 /* Pods_poke_test.framework */; settings = {ATTRIBUTES = (CodeSignOnCopy, RemoveHeadersOnCopy, ); }; };
		CEEFB7FB29AE4AA800DFE86B /* Coordinator.swift in Sources */ = {isa = PBXBuildFile; fileRef = CEEFB7FA29AE4AA800DFE86B /* Coordinator.swift */; };
		CEEFB7FE29AE4AE200DFE86B /* App.swift in Sources */ = {isa = PBXBuildFile; fileRef = CEEFB7FD29AE4AE200DFE86B /* App.swift */; };
		CEEFB80029AE4AEC00DFE86B /* AppTransition.swift in Sources */ = {isa = PBXBuildFile; fileRef = CEEFB7FF29AE4AEC00DFE86B /* AppTransition.swift */; };
		CEEFB80229AE4B9E00DFE86B /* Router.swift in Sources */ = {isa = PBXBuildFile; fileRef = CEEFB80129AE4B9E00DFE86B /* Router.swift */; };
		CEEFB80529AE4C2D00DFE86B /* AppStyle.swift in Sources */ = {isa = PBXBuildFile; fileRef = CEEFB80429AE4C2D00DFE86B /* AppStyle.swift */; };
		CEF907812A1FEADF00C346F4 /* PokedexListViewController.swift in Sources */ = {isa = PBXBuildFile; fileRef = CEF907802A1FEADF00C346F4 /* PokedexListViewController.swift */; };
		CEF907832A1FEB1000C346F4 /* PokedexListCoordinator.swift in Sources */ = {isa = PBXBuildFile; fileRef = CEF907822A1FEB1000C346F4 /* PokedexListCoordinator.swift */; };
		CEF907852A1FFE7600C346F4 /* UIViewController.swift in Sources */ = {isa = PBXBuildFile; fileRef = CEF907842A1FFE7600C346F4 /* UIViewController.swift */; };
		CEF9078B2A20044E00C346F4 /* WelcomeCoordinator.swift in Sources */ = {isa = PBXBuildFile; fileRef = CEF9078A2A20044E00C346F4 /* WelcomeCoordinator.swift */; };
		CEF9078D2A2004B200C346F4 /* WelcomeViewModel.swift in Sources */ = {isa = PBXBuildFile; fileRef = CEF9078C2A2004B200C346F4 /* WelcomeViewModel.swift */; };
		CEF907912A20051400C346F4 /* WelcomeViewController.swift in Sources */ = {isa = PBXBuildFile; fileRef = CEF907902A20051400C346F4 /* WelcomeViewController.swift */; };
/* End PBXBuildFile section */

/* Begin PBXContainerItemProxy section */
		CECC75F32974E11D00A77A30 /* PBXContainerItemProxy */ = {
			isa = PBXContainerItemProxy;
			containerPortal = CECC75D42974E11C00A77A30 /* Project object */;
			proxyType = 1;
			remoteGlobalIDString = CECC75DB2974E11C00A77A30;
			remoteInfo = "poke-test";
		};
		CECC75FD2974E11D00A77A30 /* PBXContainerItemProxy */ = {
			isa = PBXContainerItemProxy;
			containerPortal = CECC75D42974E11C00A77A30 /* Project object */;
			proxyType = 1;
			remoteGlobalIDString = CECC75DB2974E11C00A77A30;
			remoteInfo = "poke-test";
		};
/* End PBXContainerItemProxy section */

/* Begin PBXCopyFilesBuildPhase section */
		CEEAC70E2A4254C40093F96A /* Embed Frameworks */ = {
			isa = PBXCopyFilesBuildPhase;
			buildActionMask = 2147483647;
			dstPath = "";
			dstSubfolderSpec = 10;
			files = (
				CEEAC7102A42554C0093F96A /* Pods_poke_test.framework in Embed Frameworks */,
			);
			name = "Embed Frameworks";
			runOnlyForDeploymentPostprocessing = 0;
		};
/* End PBXCopyFilesBuildPhase section */

/* Begin PBXFileReference section */
		60CB7B9A484E351C61C2E94D /* Pods-poke-test.release.xcconfig */ = {isa = PBXFileReference; includeInIndex = 1; lastKnownFileType = text.xcconfig; name = "Pods-poke-test.release.xcconfig"; path = "Target Support Files/Pods-poke-test/Pods-poke-test.release.xcconfig"; sourceTree = "<group>"; };
		67E16816D4E4FE593A4370C7 /* Pods-poke-test.debug.xcconfig */ = {isa = PBXFileReference; includeInIndex = 1; lastKnownFileType = text.xcconfig; name = "Pods-poke-test.debug.xcconfig"; path = "Target Support Files/Pods-poke-test/Pods-poke-test.debug.xcconfig"; sourceTree = "<group>"; };
		CE01E9282A33833C00CAF4C1 /* PokemonInfoCollectionViewCell.xib */ = {isa = PBXFileReference; lastKnownFileType = file.xib; path = PokemonInfoCollectionViewCell.xib; sourceTree = "<group>"; };
		CE01E92A2A33834800CAF4C1 /* PokemonInfoCollectionViewCell.swift */ = {isa = PBXFileReference; lastKnownFileType = sourcecode.swift; path = PokemonInfoCollectionViewCell.swift; sourceTree = "<group>"; };
		CE3E3E312A1FB284006B8097 /* Pokedex.swift */ = {isa = PBXFileReference; lastKnownFileType = sourcecode.swift; path = Pokedex.swift; sourceTree = "<group>"; };
		CE3E3E332A1FB2BB006B8097 /* PokedexResponse.swift */ = {isa = PBXFileReference; lastKnownFileType = sourcecode.swift; path = PokedexResponse.swift; sourceTree = "<group>"; };
		CE3E3E352A1FB31F006B8097 /* PokedexViewModel.swift */ = {isa = PBXFileReference; lastKnownFileType = sourcecode.swift; path = PokedexViewModel.swift; sourceTree = "<group>"; };
		CE4FB22C2A21042D00312F6C /* PokemonListCoordinator.swift */ = {isa = PBXFileReference; lastKnownFileType = sourcecode.swift; path = PokemonListCoordinator.swift; sourceTree = "<group>"; };
		CE4FB22E2A21047200312F6C /* PokemonListViewModel.swift */ = {isa = PBXFileReference; lastKnownFileType = sourcecode.swift; path = PokemonListViewModel.swift; sourceTree = "<group>"; };
		CE4FB2302A21064F00312F6C /* PokemonResponse.swift */ = {isa = PBXFileReference; lastKnownFileType = sourcecode.swift; path = PokemonResponse.swift; sourceTree = "<group>"; };
		CE4FB2322A21067000312F6C /* Pokemon.swift */ = {isa = PBXFileReference; lastKnownFileType = sourcecode.swift; path = Pokemon.swift; sourceTree = "<group>"; };
		CE4FB2352A210B5300312F6C /* PokemonListViewController.swift */ = {isa = PBXFileReference; lastKnownFileType = sourcecode.swift; path = PokemonListViewController.swift; sourceTree = "<group>"; };
		CE4FB23C2A21162500312F6C /* GoogleService-Info.plist */ = {isa = PBXFileReference; fileEncoding = 4; lastKnownFileType = text.plist.xml; path = "GoogleService-Info.plist"; sourceTree = "<group>"; };
		CE4FB2422A21180A00312F6C /* LogInViewController.xib */ = {isa = PBXFileReference; lastKnownFileType = file.xib; path = LogInViewController.xib; sourceTree = "<group>"; };
		CE4FB2442A21181700312F6C /* LogInViewController.swift */ = {isa = PBXFileReference; lastKnownFileType = sourcecode.swift; path = LogInViewController.swift; sourceTree = "<group>"; };
		CE8A40B42A1BFBB60027FE90 /* APIManager.swift */ = {isa = PBXFileReference; lastKnownFileType = sourcecode.swift; path = APIManager.swift; sourceTree = "<group>"; };
		CE8A40B62A1BFBBF0027FE90 /* Failure.swift */ = {isa = PBXFileReference; lastKnownFileType = sourcecode.swift; path = Failure.swift; sourceTree = "<group>"; };
		CE8A40B92A1BFC0D0027FE90 /* Region.swift */ = {isa = PBXFileReference; lastKnownFileType = sourcecode.swift; path = Region.swift; sourceTree = "<group>"; };
		CE8A40BB2A1BFC160027FE90 /* RegionResponse.swift */ = {isa = PBXFileReference; lastKnownFileType = sourcecode.swift; path = RegionResponse.swift; sourceTree = "<group>"; };
		CE8A40BD2A1BFF8F0027FE90 /* HomeViewModel.swift */ = {isa = PBXFileReference; lastKnownFileType = sourcecode.swift; path = HomeViewModel.swift; sourceTree = "<group>"; };
		CE8A40BF2A1BFFEC0027FE90 /* HomeCoordinator.swift */ = {isa = PBXFileReference; lastKnownFileType = sourcecode.swift; path = HomeCoordinator.swift; sourceTree = "<group>"; };
		CE8A40C12A1C00AB0027FE90 /* HomeViewController.swift */ = {isa = PBXFileReference; lastKnownFileType = sourcecode.swift; path = HomeViewController.swift; sourceTree = "<group>"; };
		CE8A40C42A1C02D50027FE90 /* UIAlertController+Builder.swift */ = {isa = PBXFileReference; lastKnownFileType = sourcecode.swift; path = "UIAlertController+Builder.swift"; sourceTree = "<group>"; };
		CE8A40C82A1C03510027FE90 /* UICollectionViewController.swift */ = {isa = PBXFileReference; lastKnownFileType = sourcecode.swift; path = UICollectionViewController.swift; sourceTree = "<group>"; };
		CE8C94212A1E9C9D00193F5C /* ImageCacheStore.swift */ = {isa = PBXFileReference; lastKnownFileType = sourcecode.swift; path = ImageCacheStore.swift; sourceTree = "<group>"; };
		CE8C94232A1EAD0800193F5C /* PokemonGB.ttf */ = {isa = PBXFileReference; lastKnownFileType = file; path = PokemonGB.ttf; sourceTree = "<group>"; };
		CEABD4F82AD8407800DB81F1 /* SideViewModel.swift */ = {isa = PBXFileReference; lastKnownFileType = sourcecode.swift; path = SideViewModel.swift; sourceTree = "<group>"; };
		CEABD4FA2AD840AB00DB81F1 /* Option.swift */ = {isa = PBXFileReference; lastKnownFileType = sourcecode.swift; path = Option.swift; sourceTree = "<group>"; };
		CEABD4FC2AD840E200DB81F1 /* SidebarCollectionView.swift */ = {isa = PBXFileReference; lastKnownFileType = sourcecode.swift; path = SidebarCollectionView.swift; sourceTree = "<group>"; };
		CEABD4FE2AD8410E00DB81F1 /* SidebarView.swift */ = {isa = PBXFileReference; lastKnownFileType = sourcecode.swift; path = SidebarView.swift; sourceTree = "<group>"; };
		CEABD5002AD8412900DB81F1 /* SidebarViewContainer.swift */ = {isa = PBXFileReference; lastKnownFileType = sourcecode.swift; path = SidebarViewContainer.swift; sourceTree = "<group>"; };
		CEABD5022AD8418F00DB81F1 /* UIWindow.swift */ = {isa = PBXFileReference; lastKnownFileType = sourcecode.swift; path = UIWindow.swift; sourceTree = "<group>"; };
		CEABD5082AD843D100DB81F1 /* TeamListViewModel.swift */ = {isa = PBXFileReference; lastKnownFileType = sourcecode.swift; path = TeamListViewModel.swift; sourceTree = "<group>"; };
		CEABD50A2AD8440500DB81F1 /* TeamListViewController.swift */ = {isa = PBXFileReference; lastKnownFileType = sourcecode.swift; path = TeamListViewController.swift; sourceTree = "<group>"; };
		CEABD50C2AD8444800DB81F1 /* Team.swift */ = {isa = PBXFileReference; lastKnownFileType = sourcecode.swift; path = Team.swift; sourceTree = "<group>"; };
		CEABD50E2AD8446200DB81F1 /* TeamListCoordinator.swift */ = {isa = PBXFileReference; lastKnownFileType = sourcecode.swift; path = TeamListCoordinator.swift; sourceTree = "<group>"; };
		CEABD5142AD8476300DB81F1 /* PokemonTeamViewModel.swift */ = {isa = PBXFileReference; lastKnownFileType = sourcecode.swift; path = PokemonTeamViewModel.swift; sourceTree = "<group>"; };
		CEABD5162AD84AF700DB81F1 /* PokemonTeamViewController.swift */ = {isa = PBXFileReference; lastKnownFileType = sourcecode.swift; path = PokemonTeamViewController.swift; sourceTree = "<group>"; };
		CEABD5182AD84B2D00DB81F1 /* PokemonTeamCoordinator.swift */ = {isa = PBXFileReference; lastKnownFileType = sourcecode.swift; path = PokemonTeamCoordinator.swift; sourceTree = "<group>"; };
		CEADD9052A322B8B00524572 /* UIView.swift */ = {isa = PBXFileReference; lastKnownFileType = sourcecode.swift; path = UIView.swift; sourceTree = "<group>"; };
		CEB480812A40ED7E00B51D3F /* Colors.xcassets */ = {isa = PBXFileReference; lastKnownFileType = folder.assetcatalog; path = Colors.xcassets; sourceTree = "<group>"; };
		CECC75DC2974E11C00A77A30 /* poke-test.app */ = {isa = PBXFileReference; explicitFileType = wrapper.application; includeInIndex = 0; path = "poke-test.app"; sourceTree = BUILT_PRODUCTS_DIR; };
		CECC75DF2974E11C00A77A30 /* AppDelegate.swift */ = {isa = PBXFileReference; lastKnownFileType = sourcecode.swift; path = AppDelegate.swift; sourceTree = "<group>"; };
		CECC75E82974E11C00A77A30 /* Assets.xcassets */ = {isa = PBXFileReference; lastKnownFileType = folder.assetcatalog; path = Assets.xcassets; sourceTree = "<group>"; };
		CECC75EB2974E11C00A77A30 /* Base */ = {isa = PBXFileReference; lastKnownFileType = file.storyboard; name = Base; path = Base.lproj/LaunchScreen.storyboard; sourceTree = "<group>"; };
		CECC75ED2974E11C00A77A30 /* Info.plist */ = {isa = PBXFileReference; lastKnownFileType = text.plist.xml; path = Info.plist; sourceTree = "<group>"; };
		CECC75F22974E11D00A77A30 /* poke-testTests.xctest */ = {isa = PBXFileReference; explicitFileType = wrapper.cfbundle; includeInIndex = 0; path = "poke-testTests.xctest"; sourceTree = BUILT_PRODUCTS_DIR; };
		CECC75FC2974E11D00A77A30 /* poke-testUITests.xctest */ = {isa = PBXFileReference; explicitFileType = wrapper.cfbundle; includeInIndex = 0; path = "poke-testUITests.xctest"; sourceTree = BUILT_PRODUCTS_DIR; };
		CECF31F02A24F5C400131DF0 /* PokemonViewCell.xib */ = {isa = PBXFileReference; lastKnownFileType = file.xib; path = PokemonViewCell.xib; sourceTree = "<group>"; };
		CECF31F22A24F5D500131DF0 /* PokemonViewCell.swift */ = {isa = PBXFileReference; lastKnownFileType = sourcecode.swift; path = PokemonViewCell.swift; sourceTree = "<group>"; };
		CECF31F42A24FB5E00131DF0 /* UICollectionView+ReusableView.swift */ = {isa = PBXFileReference; lastKnownFileType = sourcecode.swift; path = "UICollectionView+ReusableView.swift"; sourceTree = "<group>"; };
		CECF31F62A253A7000131DF0 /* PokemonListViewController.xib */ = {isa = PBXFileReference; lastKnownFileType = file.xib; path = PokemonListViewController.xib; sourceTree = "<group>"; };
		CED485362A264AD700428178 /* PokemonInfoCoordinator.swift */ = {isa = PBXFileReference; lastKnownFileType = sourcecode.swift; path = PokemonInfoCoordinator.swift; sourceTree = "<group>"; };
		CED485382A264B4A00428178 /* PokemonInfo.swift */ = {isa = PBXFileReference; lastKnownFileType = sourcecode.swift; path = PokemonInfo.swift; sourceTree = "<group>"; };
		CED4853A2A264F2400428178 /* FlavorText.swift */ = {isa = PBXFileReference; lastKnownFileType = sourcecode.swift; path = FlavorText.swift; sourceTree = "<group>"; };
		CED4853C2A264F2D00428178 /* Group.swift */ = {isa = PBXFileReference; lastKnownFileType = sourcecode.swift; path = Group.swift; sourceTree = "<group>"; };
		CED4853E2A264F3300428178 /* Language.swift */ = {isa = PBXFileReference; lastKnownFileType = sourcecode.swift; path = Language.swift; sourceTree = "<group>"; };
		CED485402A2651E000428178 /* PokemonInfoViewModel.swift */ = {isa = PBXFileReference; lastKnownFileType = sourcecode.swift; path = PokemonInfoViewModel.swift; sourceTree = "<group>"; };
		CED485422A2652DE00428178 /* PokemonInfoViewController.xib */ = {isa = PBXFileReference; lastKnownFileType = file.xib; path = PokemonInfoViewController.xib; sourceTree = "<group>"; };
		CED485442A2652F500428178 /* PokemonInfoViewController.swift */ = {isa = PBXFileReference; lastKnownFileType = sourcecode.swift; path = PokemonInfoViewController.swift; sourceTree = "<group>"; };
		CED812EA2A27D1890028DC4D /* StatsView.xib */ = {isa = PBXFileReference; lastKnownFileType = file.xib; path = StatsView.xib; sourceTree = "<group>"; };
		CED812EC2A27D1910028DC4D /* StatsView.swift */ = {isa = PBXFileReference; lastKnownFileType = sourcecode.swift; path = StatsView.swift; sourceTree = "<group>"; };
		CED9E2602A2120A000B27DE5 /* LogInCoordinator.swift */ = {isa = PBXFileReference; lastKnownFileType = sourcecode.swift; path = LogInCoordinator.swift; sourceTree = "<group>"; };
		CED9E2622A21211500B27DE5 /* LogInViewModel.swift */ = {isa = PBXFileReference; lastKnownFileType = sourcecode.swift; path = LogInViewModel.swift; sourceTree = "<group>"; };
		CED9E2642A2121B400B27DE5 /* UserDefaultsManager.swift */ = {isa = PBXFileReference; lastKnownFileType = sourcecode.swift; path = UserDefaultsManager.swift; sourceTree = "<group>"; };
		CEE4EF702A2A42F20072A6EF /* Pokemon Solid.ttf */ = {isa = PBXFileReference; lastKnownFileType = file; path = "Pokemon Solid.ttf"; sourceTree = "<group>"; };
		CEE99DC82A6ED8AC0099838C /* TTRoundsNeue-DemiBold.ttf */ = {isa = PBXFileReference; lastKnownFileType = file; name = "TTRoundsNeue-DemiBold.ttf"; path = "../../../../../Downloads/TTRoundsNeue-DemiBold/TTRoundsNeue-DemiBold.ttf"; sourceTree = "<group>"; };
		CEEAC70B2A4254C40093F96A /* ChameleonFramework.framework */ = {isa = PBXFileReference; explicitFileType = wrapper.framework; path = ChameleonFramework.framework; sourceTree = BUILT_PRODUCTS_DIR; };
		CEEFB7FA29AE4AA800DFE86B /* Coordinator.swift */ = {isa = PBXFileReference; lastKnownFileType = sourcecode.swift; path = Coordinator.swift; sourceTree = "<group>"; };
		CEEFB7FD29AE4AE200DFE86B /* App.swift */ = {isa = PBXFileReference; lastKnownFileType = sourcecode.swift; path = App.swift; sourceTree = "<group>"; };
		CEEFB7FF29AE4AEC00DFE86B /* AppTransition.swift */ = {isa = PBXFileReference; lastKnownFileType = sourcecode.swift; path = AppTransition.swift; sourceTree = "<group>"; };
		CEEFB80129AE4B9E00DFE86B /* Router.swift */ = {isa = PBXFileReference; lastKnownFileType = sourcecode.swift; path = Router.swift; sourceTree = "<group>"; };
		CEEFB80429AE4C2D00DFE86B /* AppStyle.swift */ = {isa = PBXFileReference; lastKnownFileType = sourcecode.swift; path = AppStyle.swift; sourceTree = "<group>"; };
		CEF907802A1FEADF00C346F4 /* PokedexListViewController.swift */ = {isa = PBXFileReference; lastKnownFileType = sourcecode.swift; path = PokedexListViewController.swift; sourceTree = "<group>"; };
		CEF907822A1FEB1000C346F4 /* PokedexListCoordinator.swift */ = {isa = PBXFileReference; lastKnownFileType = sourcecode.swift; path = PokedexListCoordinator.swift; sourceTree = "<group>"; };
		CEF907842A1FFE7600C346F4 /* UIViewController.swift */ = {isa = PBXFileReference; lastKnownFileType = sourcecode.swift; path = UIViewController.swift; sourceTree = "<group>"; };
		CEF9078A2A20044E00C346F4 /* WelcomeCoordinator.swift */ = {isa = PBXFileReference; lastKnownFileType = sourcecode.swift; path = WelcomeCoordinator.swift; sourceTree = "<group>"; };
		CEF9078C2A2004B200C346F4 /* WelcomeViewModel.swift */ = {isa = PBXFileReference; lastKnownFileType = sourcecode.swift; path = WelcomeViewModel.swift; sourceTree = "<group>"; };
		CEF907902A20051400C346F4 /* WelcomeViewController.swift */ = {isa = PBXFileReference; lastKnownFileType = sourcecode.swift; path = WelcomeViewController.swift; sourceTree = "<group>"; };
		E0FFCD87773F4A00CE59FC00 /* Pods_poke_test.framework */ = {isa = PBXFileReference; explicitFileType = wrapper.framework; includeInIndex = 0; path = Pods_poke_test.framework; sourceTree = BUILT_PRODUCTS_DIR; };
/* End PBXFileReference section */

/* Begin PBXFrameworksBuildPhase section */
		CECC75D92974E11C00A77A30 /* Frameworks */ = {
			isa = PBXFrameworksBuildPhase;
			buildActionMask = 2147483647;
			files = (
				CE4FB2392A21157A00312F6C /* GoogleSignIn in Frameworks */,
				CE8A40AF2A1BF9B40027FE90 /* FirebaseDatabaseSwift in Frameworks */,
				CE8A40AD2A1BF9B40027FE90 /* FirebaseDatabase in Frameworks */,
				CE4FB23B2A21157A00312F6C /* GoogleSignInSwift in Frameworks */,
				CE8A40B22A1BFA470027FE90 /* CodableFirebase in Frameworks */,
				CED9E2682A2123F800B27DE5 /* FirebaseAuth in Frameworks */,
				CEEAC70F2A42554C0093F96A /* Pods_poke_test.framework in Frameworks */,
				CE8A40AB2A1BF9B40027FE90 /* FirebaseAnalytics in Frameworks */,
			);
			runOnlyForDeploymentPostprocessing = 0;
		};
		CECC75EF2974E11D00A77A30 /* Frameworks */ = {
			isa = PBXFrameworksBuildPhase;
			buildActionMask = 2147483647;
			files = (
			);
			runOnlyForDeploymentPostprocessing = 0;
		};
		CECC75F92974E11D00A77A30 /* Frameworks */ = {
			isa = PBXFrameworksBuildPhase;
			buildActionMask = 2147483647;
			files = (
			);
			runOnlyForDeploymentPostprocessing = 0;
		};
/* End PBXFrameworksBuildPhase section */

/* Begin PBXGroup section */
		CE01E9272A33831600CAF4C1 /* Cell */ = {
			isa = PBXGroup;
			children = (
				CE01E9282A33833C00CAF4C1 /* PokemonInfoCollectionViewCell.xib */,
				CE01E92A2A33834800CAF4C1 /* PokemonInfoCollectionViewCell.swift */,
			);
			path = Cell;
			sourceTree = "<group>";
		};
		CE3E3E2C2A1FB21F006B8097 /* Fonts */ = {
			isa = PBXGroup;
			children = (
				CEE99DC82A6ED8AC0099838C /* TTRoundsNeue-DemiBold.ttf */,
				CEE4EF702A2A42F20072A6EF /* Pokemon Solid.ttf */,
				CE8C94232A1EAD0800193F5C /* PokemonGB.ttf */,
			);
			path = Fonts;
			sourceTree = "<group>";
		};
		CE3E3E2D2A1FB233006B8097 /* PokedexListView */ = {
			isa = PBXGroup;
			children = (
				CEF907822A1FEB1000C346F4 /* PokedexListCoordinator.swift */,
				CE3E3E302A1FB266006B8097 /* Model */,
				CE3E3E2E2A1FB23A006B8097 /* View */,
				CE3E3E2F2A1FB25E006B8097 /* ViewModel */,
			);
			path = PokedexListView;
			sourceTree = "<group>";
		};
		CE3E3E2E2A1FB23A006B8097 /* View */ = {
			isa = PBXGroup;
			children = (
				CEF907802A1FEADF00C346F4 /* PokedexListViewController.swift */,
			);
			path = View;
			sourceTree = "<group>";
		};
		CE3E3E2F2A1FB25E006B8097 /* ViewModel */ = {
			isa = PBXGroup;
			children = (
				CE3E3E352A1FB31F006B8097 /* PokedexViewModel.swift */,
			);
			path = ViewModel;
			sourceTree = "<group>";
		};
		CE3E3E302A1FB266006B8097 /* Model */ = {
			isa = PBXGroup;
			children = (
				CE3E3E312A1FB284006B8097 /* Pokedex.swift */,
				CE3E3E332A1FB2BB006B8097 /* PokedexResponse.swift */,
			);
			path = Model;
			sourceTree = "<group>";
		};
		CE4FB2282A2103D800312F6C /* PokemonListView */ = {
			isa = PBXGroup;
			children = (
				CE4FB22A2A2103E800312F6C /* Model */,
				CE4FB2292A2103E200312F6C /* View */,
				CE4FB22B2A2103EE00312F6C /* ViewModel */,
				CE4FB22C2A21042D00312F6C /* PokemonListCoordinator.swift */,
			);
			path = PokemonListView;
			sourceTree = "<group>";
		};
		CE4FB2292A2103E200312F6C /* View */ = {
			isa = PBXGroup;
			children = (
				CE4FB2342A21096E00312F6C /* Cell */,
				CE4FB2352A210B5300312F6C /* PokemonListViewController.swift */,
				CECF31F62A253A7000131DF0 /* PokemonListViewController.xib */,
			);
			path = View;
			sourceTree = "<group>";
		};
		CE4FB22A2A2103E800312F6C /* Model */ = {
			isa = PBXGroup;
			children = (
				CE4FB2302A21064F00312F6C /* PokemonResponse.swift */,
				CE4FB2322A21067000312F6C /* Pokemon.swift */,
			);
			path = Model;
			sourceTree = "<group>";
		};
		CE4FB22B2A2103EE00312F6C /* ViewModel */ = {
			isa = PBXGroup;
			children = (
				CE4FB22E2A21047200312F6C /* PokemonListViewModel.swift */,
			);
			path = ViewModel;
			sourceTree = "<group>";
		};
		CE4FB2342A21096E00312F6C /* Cell */ = {
			isa = PBXGroup;
			children = (
				CECF31F02A24F5C400131DF0 /* PokemonViewCell.xib */,
				CECF31F22A24F5D500131DF0 /* PokemonViewCell.swift */,
			);
			path = Cell;
			sourceTree = "<group>";
		};
		CE4FB23E2A2117DE00312F6C /* LogInView */ = {
			isa = PBXGroup;
			children = (
				CED9E2602A2120A000B27DE5 /* LogInCoordinator.swift */,
				CE4FB23F2A2117EC00312F6C /* View */,
				CE4FB2402A2117F000312F6C /* ViewModel */,
			);
			path = LogInView;
			sourceTree = "<group>";
		};
		CE4FB23F2A2117EC00312F6C /* View */ = {
			isa = PBXGroup;
			children = (
				CE4FB2422A21180A00312F6C /* LogInViewController.xib */,
				CE4FB2442A21181700312F6C /* LogInViewController.swift */,
			);
			path = View;
			sourceTree = "<group>";
		};
		CE4FB2402A2117F000312F6C /* ViewModel */ = {
			isa = PBXGroup;
			children = (
				CED9E2622A21211500B27DE5 /* LogInViewModel.swift */,
			);
			path = ViewModel;
			sourceTree = "<group>";
		};
		CE840F602A1D50060053D848 /* Model */ = {
			isa = PBXGroup;
			children = (
				CE8A40B92A1BFC0D0027FE90 /* Region.swift */,
				CE8A40BB2A1BFC160027FE90 /* RegionResponse.swift */,
			);
			path = Model;
			sourceTree = "<group>";
		};
		CE840F612A1D500B0053D848 /* View */ = {
			isa = PBXGroup;
			children = (
				CE8A40C12A1C00AB0027FE90 /* HomeViewController.swift */,
			);
			path = View;
			sourceTree = "<group>";
		};
		CE840F622A1D50100053D848 /* ViewModel */ = {
			isa = PBXGroup;
			children = (
				CE8A40BD2A1BFF8F0027FE90 /* HomeViewModel.swift */,
			);
			path = ViewModel;
			sourceTree = "<group>";
		};
		CE8A40B32A1BFBA10027FE90 /* Networking */ = {
			isa = PBXGroup;
			children = (
				CE8A40B42A1BFBB60027FE90 /* APIManager.swift */,
				CE8A40B62A1BFBBF0027FE90 /* Failure.swift */,
			);
			path = Networking;
			sourceTree = "<group>";
		};
		CE8A40B82A1BFBFF0027FE90 /* HomeView */ = {
			isa = PBXGroup;
			children = (
				CE8A40BF2A1BFFEC0027FE90 /* HomeCoordinator.swift */,
				CE840F602A1D50060053D848 /* Model */,
				CE840F612A1D500B0053D848 /* View */,
				CE840F622A1D50100053D848 /* ViewModel */,
			);
			path = HomeView;
			sourceTree = "<group>";
		};
		CE8A40C32A1C02C10027FE90 /* Extensions */ = {
			isa = PBXGroup;
			children = (
				CE8A40C42A1C02D50027FE90 /* UIAlertController+Builder.swift */,
				CE8A40C82A1C03510027FE90 /* UICollectionViewController.swift */,
				CEF907842A1FFE7600C346F4 /* UIViewController.swift */,
				CECF31F42A24FB5E00131DF0 /* UICollectionView+ReusableView.swift */,
				CEADD9052A322B8B00524572 /* UIView.swift */,
				CEABD5022AD8418F00DB81F1 /* UIWindow.swift */,
			);
			path = Extensions;
			sourceTree = "<group>";
		};
		CEABD4F42AD8403200DB81F1 /* SideBarView */ = {
			isa = PBXGroup;
			children = (
				CEABD4F72AD8405C00DB81F1 /* Model */,
				CEABD4F62AD8405700DB81F1 /* View */,
				CEABD4F52AD8404E00DB81F1 /* ViewModel */,
			);
			path = SideBarView;
			sourceTree = "<group>";
		};
		CEABD4F52AD8404E00DB81F1 /* ViewModel */ = {
			isa = PBXGroup;
			children = (
				CEABD4F82AD8407800DB81F1 /* SideViewModel.swift */,
			);
			path = ViewModel;
			sourceTree = "<group>";
		};
		CEABD4F62AD8405700DB81F1 /* View */ = {
			isa = PBXGroup;
			children = (
				CEABD4FC2AD840E200DB81F1 /* SidebarCollectionView.swift */,
				CEABD4FE2AD8410E00DB81F1 /* SidebarView.swift */,
				CEABD5002AD8412900DB81F1 /* SidebarViewContainer.swift */,
			);
			path = View;
			sourceTree = "<group>";
		};
		CEABD4F72AD8405C00DB81F1 /* Model */ = {
			isa = PBXGroup;
			children = (
				CEABD4FA2AD840AB00DB81F1 /* Option.swift */,
			);
			path = Model;
			sourceTree = "<group>";
		};
		CEABD5042AD8437700DB81F1 /* TeamView */ = {
			isa = PBXGroup;
			children = (
				CEABD5072AD8438900DB81F1 /* Model */,
				CEABD5062AD8438500DB81F1 /* View */,
				CEABD5052AD8437F00DB81F1 /* ViewModel */,
				CEABD50E2AD8446200DB81F1 /* TeamListCoordinator.swift */,
			);
			path = TeamView;
			sourceTree = "<group>";
		};
		CEABD5052AD8437F00DB81F1 /* ViewModel */ = {
			isa = PBXGroup;
			children = (
				CEABD5082AD843D100DB81F1 /* TeamListViewModel.swift */,
			);
			path = ViewModel;
			sourceTree = "<group>";
		};
		CEABD5062AD8438500DB81F1 /* View */ = {
			isa = PBXGroup;
			children = (
				CEABD50A2AD8440500DB81F1 /* TeamListViewController.swift */,
			);
			path = View;
			sourceTree = "<group>";
		};
		CEABD5072AD8438900DB81F1 /* Model */ = {
			isa = PBXGroup;
			children = (
				CEABD50C2AD8444800DB81F1 /* Team.swift */,
			);
			path = Model;
			sourceTree = "<group>";
		};
		CEABD5102AD845BA00DB81F1 /* PokemonTeam */ = {
			isa = PBXGroup;
			children = (
				CEABD5122AD845F600DB81F1 /* View */,
				CEABD5112AD845EF00DB81F1 /* ViewModel */,
				CEABD5182AD84B2D00DB81F1 /* PokemonTeamCoordinator.swift */,
			);
			path = PokemonTeam;
			sourceTree = "<group>";
		};
		CEABD5112AD845EF00DB81F1 /* ViewModel */ = {
			isa = PBXGroup;
			children = (
				CEABD5142AD8476300DB81F1 /* PokemonTeamViewModel.swift */,
			);
			path = ViewModel;
			sourceTree = "<group>";
		};
		CEABD5122AD845F600DB81F1 /* View */ = {
			isa = PBXGroup;
			children = (
				CEABD5162AD84AF700DB81F1 /* PokemonTeamViewController.swift */,
			);
			path = View;
			sourceTree = "<group>";
		};
		CECC75D32974E11C00A77A30 = {
			isa = PBXGroup;
			children = (
				CECC75DE2974E11C00A77A30 /* poke-test */,
				CECC75DD2974E11C00A77A30 /* Products */,
				CED9E2662A2123F800B27DE5 /* Frameworks */,
				DFD908C82BA21AF4D04644B0 /* Pods */,
			);
			sourceTree = "<group>";
		};
		CECC75DD2974E11C00A77A30 /* Products */ = {
			isa = PBXGroup;
			children = (
				CECC75DC2974E11C00A77A30 /* poke-test.app */,
				CECC75F22974E11D00A77A30 /* poke-testTests.xctest */,
				CECC75FC2974E11D00A77A30 /* poke-testUITests.xctest */,
			);
			name = Products;
			sourceTree = "<group>";
		};
		CECC75DE2974E11C00A77A30 /* poke-test */ = {
			isa = PBXGroup;
			children = (
				CE8A40B32A1BFBA10027FE90 /* Networking */,
				CEEFB80329AE4C2300DFE86B /* Helpers */,
				CEEFB80629AE4C8900DFE86B /* Views */,
				CEEFB7FC29AE4AD600DFE86B /* App */,
				CEEFB7F829AE4A8C00DFE86B /* Protocols */,
				CECC75DF2974E11C00A77A30 /* AppDelegate.swift */,
				CECC75E82974E11C00A77A30 /* Assets.xcassets */,
				CECC75EA2974E11C00A77A30 /* LaunchScreen.storyboard */,
				CECC75ED2974E11C00A77A30 /* Info.plist */,
				CE4FB23C2A21162500312F6C /* GoogleService-Info.plist */,
			);
			path = "poke-test";
			sourceTree = "<group>";
		};
		CED485322A26458B00428178 /* PokemonInfoView */ = {
			isa = PBXGroup;
			children = (
				CED485352A2645A800428178 /* Model */,
				CED485342A2645A300428178 /* View */,
				CED485332A26459800428178 /* ViewModel */,
				CED485362A264AD700428178 /* PokemonInfoCoordinator.swift */,
			);
			path = PokemonInfoView;
			sourceTree = "<group>";
		};
		CED485332A26459800428178 /* ViewModel */ = {
			isa = PBXGroup;
			children = (
				CED485402A2651E000428178 /* PokemonInfoViewModel.swift */,
			);
			path = ViewModel;
			sourceTree = "<group>";
		};
		CED485342A2645A300428178 /* View */ = {
			isa = PBXGroup;
			children = (
				CE01E9272A33831600CAF4C1 /* Cell */,
				CED485422A2652DE00428178 /* PokemonInfoViewController.xib */,
				CED485442A2652F500428178 /* PokemonInfoViewController.swift */,
				CED812EA2A27D1890028DC4D /* StatsView.xib */,
				CED812EC2A27D1910028DC4D /* StatsView.swift */,
			);
			path = View;
			sourceTree = "<group>";
		};
		CED485352A2645A800428178 /* Model */ = {
			isa = PBXGroup;
			children = (
				CED485382A264B4A00428178 /* PokemonInfo.swift */,
				CED4853A2A264F2400428178 /* FlavorText.swift */,
				CED4853C2A264F2D00428178 /* Group.swift */,
				CED4853E2A264F3300428178 /* Language.swift */,
			);
			path = Model;
			sourceTree = "<group>";
		};
		CED9E2662A2123F800B27DE5 /* Frameworks */ = {
			isa = PBXGroup;
			children = (
				CEEAC70B2A4254C40093F96A /* ChameleonFramework.framework */,
				E0FFCD87773F4A00CE59FC00 /* Pods_poke_test.framework */,
			);
			name = Frameworks;
			sourceTree = "<group>";
		};
		CEEFB7F829AE4A8C00DFE86B /* Protocols */ = {
			isa = PBXGroup;
			children = (
				CEEFB7F929AE4A9D00DFE86B /* Routers */,
				CEEFB7FA29AE4AA800DFE86B /* Coordinator.swift */,
			);
			path = Protocols;
			sourceTree = "<group>";
		};
		CEEFB7F929AE4A9D00DFE86B /* Routers */ = {
			isa = PBXGroup;
			children = (
				CEEFB80129AE4B9E00DFE86B /* Router.swift */,
			);
			path = Routers;
			sourceTree = "<group>";
		};
		CEEFB7FC29AE4AD600DFE86B /* App */ = {
			isa = PBXGroup;
			children = (
				CEEFB7FD29AE4AE200DFE86B /* App.swift */,
				CEEFB7FF29AE4AEC00DFE86B /* AppTransition.swift */,
			);
			path = App;
			sourceTree = "<group>";
		};
		CEEFB80329AE4C2300DFE86B /* Helpers */ = {
			isa = PBXGroup;
			children = (
				CE3E3E2C2A1FB21F006B8097 /* Fonts */,
				CE8A40C32A1C02C10027FE90 /* Extensions */,
				CEEFB80429AE4C2D00DFE86B /* AppStyle.swift */,
				CE8C94212A1E9C9D00193F5C /* ImageCacheStore.swift */,
				CED9E2642A2121B400B27DE5 /* UserDefaultsManager.swift */,
				CEB480812A40ED7E00B51D3F /* Colors.xcassets */,
			);
			path = Helpers;
			sourceTree = "<group>";
		};
		CEEFB80629AE4C8900DFE86B /* Views */ = {
			isa = PBXGroup;
			children = (
				CEABD5102AD845BA00DB81F1 /* PokemonTeam */,
				CEABD5042AD8437700DB81F1 /* TeamView */,
				CEABD4F42AD8403200DB81F1 /* SideBarView */,
				CED485322A26458B00428178 /* PokemonInfoView */,
				CE4FB2282A2103D800312F6C /* PokemonListView */,
				CE3E3E2D2A1FB233006B8097 /* PokedexListView */,
				CE8A40B82A1BFBFF0027FE90 /* HomeView */,
				CE4FB23E2A2117DE00312F6C /* LogInView */,
				CEF907862A20041A00C346F4 /* WelcomeView */,
			);
			path = Views;
			sourceTree = "<group>";
		};
		CEF907862A20041A00C346F4 /* WelcomeView */ = {
			isa = PBXGroup;
			children = (
				CEF9078A2A20044E00C346F4 /* WelcomeCoordinator.swift */,
				CEF907882A20042900C346F4 /* View */,
				CEF907892A20043500C346F4 /* ViewModel */,
			);
			path = WelcomeView;
			sourceTree = "<group>";
		};
		CEF907882A20042900C346F4 /* View */ = {
			isa = PBXGroup;
			children = (
				CEF907902A20051400C346F4 /* WelcomeViewController.swift */,
			);
			path = View;
			sourceTree = "<group>";
		};
		CEF907892A20043500C346F4 /* ViewModel */ = {
			isa = PBXGroup;
			children = (
				CEF9078C2A2004B200C346F4 /* WelcomeViewModel.swift */,
			);
			path = ViewModel;
			sourceTree = "<group>";
		};
		DFD908C82BA21AF4D04644B0 /* Pods */ = {
			isa = PBXGroup;
			children = (
				67E16816D4E4FE593A4370C7 /* Pods-poke-test.debug.xcconfig */,
				60CB7B9A484E351C61C2E94D /* Pods-poke-test.release.xcconfig */,
			);
			path = Pods;
			sourceTree = "<group>";
		};
/* End PBXGroup section */

/* Begin PBXNativeTarget section */
		CECC75DB2974E11C00A77A30 /* poke-test */ = {
			isa = PBXNativeTarget;
			buildConfigurationList = CECC76062974E11D00A77A30 /* Build configuration list for PBXNativeTarget "poke-test" */;
			buildPhases = (
				F937E8F7DF2B92D0BDB55A66 /* [CP] Check Pods Manifest.lock */,
				CECC75D82974E11C00A77A30 /* Sources */,
				CECC75D92974E11C00A77A30 /* Frameworks */,
				CECC75DA2974E11C00A77A30 /* Resources */,
				41AF210B3DD01F5BF3ECE8E7 /* [CP] Embed Pods Frameworks */,
				CEEAC70E2A4254C40093F96A /* Embed Frameworks */,
			);
			buildRules = (
			);
			dependencies = (
			);
			name = "poke-test";
			packageProductDependencies = (
				CE8A40AA2A1BF9B40027FE90 /* FirebaseAnalytics */,
				CE8A40AC2A1BF9B40027FE90 /* FirebaseDatabase */,
				CE8A40AE2A1BF9B40027FE90 /* FirebaseDatabaseSwift */,
				CE8A40B12A1BFA470027FE90 /* CodableFirebase */,
				CE4FB2382A21157A00312F6C /* GoogleSignIn */,
				CE4FB23A2A21157A00312F6C /* GoogleSignInSwift */,
				CED9E2672A2123F800B27DE5 /* FirebaseAuth */,
			);
			productName = "poke-test";
			productReference = CECC75DC2974E11C00A77A30 /* poke-test.app */;
			productType = "com.apple.product-type.application";
		};
		CECC75F12974E11D00A77A30 /* poke-testTests */ = {
			isa = PBXNativeTarget;
			buildConfigurationList = CECC76092974E11D00A77A30 /* Build configuration list for PBXNativeTarget "poke-testTests" */;
			buildPhases = (
				CECC75EE2974E11D00A77A30 /* Sources */,
				CECC75EF2974E11D00A77A30 /* Frameworks */,
				CECC75F02974E11D00A77A30 /* Resources */,
			);
			buildRules = (
			);
			dependencies = (
				CECC75F42974E11D00A77A30 /* PBXTargetDependency */,
			);
			name = "poke-testTests";
			productName = "poke-testTests";
			productReference = CECC75F22974E11D00A77A30 /* poke-testTests.xctest */;
			productType = "com.apple.product-type.bundle.unit-test";
		};
		CECC75FB2974E11D00A77A30 /* poke-testUITests */ = {
			isa = PBXNativeTarget;
			buildConfigurationList = CECC760C2974E11D00A77A30 /* Build configuration list for PBXNativeTarget "poke-testUITests" */;
			buildPhases = (
				CECC75F82974E11D00A77A30 /* Sources */,
				CECC75F92974E11D00A77A30 /* Frameworks */,
				CECC75FA2974E11D00A77A30 /* Resources */,
			);
			buildRules = (
			);
			dependencies = (
				CECC75FE2974E11D00A77A30 /* PBXTargetDependency */,
			);
			name = "poke-testUITests";
			productName = "poke-testUITests";
			productReference = CECC75FC2974E11D00A77A30 /* poke-testUITests.xctest */;
			productType = "com.apple.product-type.bundle.ui-testing";
		};
/* End PBXNativeTarget section */

/* Begin PBXProject section */
		CECC75D42974E11C00A77A30 /* Project object */ = {
			isa = PBXProject;
			attributes = {
				BuildIndependentTargetsInParallel = 1;
				LastSwiftUpdateCheck = 1420;
				LastUpgradeCheck = 1420;
				TargetAttributes = {
					CECC75DB2974E11C00A77A30 = {
						CreatedOnToolsVersion = 14.2;
					};
					CECC75F12974E11D00A77A30 = {
						CreatedOnToolsVersion = 14.2;
						TestTargetID = CECC75DB2974E11C00A77A30;
					};
					CECC75FB2974E11D00A77A30 = {
						CreatedOnToolsVersion = 14.2;
						TestTargetID = CECC75DB2974E11C00A77A30;
					};
				};
			};
			buildConfigurationList = CECC75D72974E11C00A77A30 /* Build configuration list for PBXProject "poke-test" */;
			compatibilityVersion = "Xcode 14.0";
			developmentRegion = en;
			hasScannedForEncodings = 0;
			knownRegions = (
				en,
				Base,
			);
			mainGroup = CECC75D32974E11C00A77A30;
			packageReferences = (
				CE8A40A92A1BF9B40027FE90 /* XCRemoteSwiftPackageReference "firebase-ios-sdk" */,
				CE8A40B02A1BFA470027FE90 /* XCRemoteSwiftPackageReference "CodableFirebase" */,
				CE4FB2372A21157A00312F6C /* XCRemoteSwiftPackageReference "GoogleSignIn-iOS" */,
			);
			productRefGroup = CECC75DD2974E11C00A77A30 /* Products */;
			projectDirPath = "";
			projectRoot = "";
			targets = (
				CECC75DB2974E11C00A77A30 /* poke-test */,
				CECC75F12974E11D00A77A30 /* poke-testTests */,
				CECC75FB2974E11D00A77A30 /* poke-testUITests */,
			);
		};
/* End PBXProject section */

/* Begin PBXResourcesBuildPhase section */
		CECC75DA2974E11C00A77A30 /* Resources */ = {
			isa = PBXResourcesBuildPhase;
			buildActionMask = 2147483647;
			files = (
				CE4FB2432A21180A00312F6C /* LogInViewController.xib in Resources */,
				CEE4EF712A2A43180072A6EF /* Pokemon Solid.ttf in Resources */,
				CEB480822A40ED7E00B51D3F /* Colors.xcassets in Resources */,
				CE01E9292A33833C00CAF4C1 /* PokemonInfoCollectionViewCell.xib in Resources */,
				CECC75EC2974E11C00A77A30 /* LaunchScreen.storyboard in Resources */,
				CED485432A2652DE00428178 /* PokemonInfoViewController.xib in Resources */,
				CECF31F12A24F5C400131DF0 /* PokemonViewCell.xib in Resources */,
				CEE99DC92A6ED8B60099838C /* TTRoundsNeue-DemiBold.ttf in Resources */,
				CECF31F72A253A7000131DF0 /* PokemonListViewController.xib in Resources */,
				CED812EB2A27D1890028DC4D /* StatsView.xib in Resources */,
				CE4FB23D2A21162500312F6C /* GoogleService-Info.plist in Resources */,
				CECC75E92974E11C00A77A30 /* Assets.xcassets in Resources */,
				CE8C94242A1EAEC200193F5C /* PokemonGB.ttf in Resources */,
			);
			runOnlyForDeploymentPostprocessing = 0;
		};
		CECC75F02974E11D00A77A30 /* Resources */ = {
			isa = PBXResourcesBuildPhase;
			buildActionMask = 2147483647;
			files = (
			);
			runOnlyForDeploymentPostprocessing = 0;
		};
		CECC75FA2974E11D00A77A30 /* Resources */ = {
			isa = PBXResourcesBuildPhase;
			buildActionMask = 2147483647;
			files = (
			);
			runOnlyForDeploymentPostprocessing = 0;
		};
/* End PBXResourcesBuildPhase section */

/* Begin PBXShellScriptBuildPhase section */
		41AF210B3DD01F5BF3ECE8E7 /* [CP] Embed Pods Frameworks */ = {
			isa = PBXShellScriptBuildPhase;
			buildActionMask = 2147483647;
			files = (
			);
			inputFileListPaths = (
				"${PODS_ROOT}/Target Support Files/Pods-poke-test/Pods-poke-test-frameworks-${CONFIGURATION}-input-files.xcfilelist",
			);
			name = "[CP] Embed Pods Frameworks";
			outputFileListPaths = (
				"${PODS_ROOT}/Target Support Files/Pods-poke-test/Pods-poke-test-frameworks-${CONFIGURATION}-output-files.xcfilelist",
			);
			runOnlyForDeploymentPostprocessing = 0;
			shellPath = /bin/sh;
			shellScript = "\"${PODS_ROOT}/Target Support Files/Pods-poke-test/Pods-poke-test-frameworks.sh\"\n";
			showEnvVarsInLog = 0;
		};
		F937E8F7DF2B92D0BDB55A66 /* [CP] Check Pods Manifest.lock */ = {
			isa = PBXShellScriptBuildPhase;
			buildActionMask = 2147483647;
			files = (
			);
			inputFileListPaths = (
			);
			inputPaths = (
				"${PODS_PODFILE_DIR_PATH}/Podfile.lock",
				"${PODS_ROOT}/Manifest.lock",
			);
			name = "[CP] Check Pods Manifest.lock";
			outputFileListPaths = (
			);
			outputPaths = (
				"$(DERIVED_FILE_DIR)/Pods-poke-test-checkManifestLockResult.txt",
			);
			runOnlyForDeploymentPostprocessing = 0;
			shellPath = /bin/sh;
			shellScript = "diff \"${PODS_PODFILE_DIR_PATH}/Podfile.lock\" \"${PODS_ROOT}/Manifest.lock\" > /dev/null\nif [ $? != 0 ] ; then\n    # print error to STDERR\n    echo \"error: The sandbox is not in sync with the Podfile.lock. Run 'pod install' or update your CocoaPods installation.\" >&2\n    exit 1\nfi\n# This output is used by Xcode 'outputs' to avoid re-running this script phase.\necho \"SUCCESS\" > \"${SCRIPT_OUTPUT_FILE_0}\"\n";
			showEnvVarsInLog = 0;
		};
/* End PBXShellScriptBuildPhase section */

/* Begin PBXSourcesBuildPhase section */
		CECC75D82974E11C00A77A30 /* Sources */ = {
			isa = PBXSourcesBuildPhase;
			buildActionMask = 2147483647;
			files = (
				CED812ED2A27D1910028DC4D /* StatsView.swift in Sources */,
				CE8A40B52A1BFBB60027FE90 /* APIManager.swift in Sources */,
				CEF9078D2A2004B200C346F4 /* WelcomeViewModel.swift in Sources */,
				CEABD5172AD84AF700DB81F1 /* PokemonTeamViewController.swift in Sources */,
				CED9E2652A2121B400B27DE5 /* UserDefaultsManager.swift in Sources */,
				CED4853D2A264F2D00428178 /* Group.swift in Sources */,
				CE3E3E322A1FB284006B8097 /* Pokedex.swift in Sources */,
				CECF31F52A24FB5E00131DF0 /* UICollectionView+ReusableView.swift in Sources */,
				CEEFB7FB29AE4AA800DFE86B /* Coordinator.swift in Sources */,
				CEABD50D2AD8444800DB81F1 /* Team.swift in Sources */,
				CE4FB2312A21064F00312F6C /* PokemonResponse.swift in Sources */,
				CEF907832A1FEB1000C346F4 /* PokedexListCoordinator.swift in Sources */,
				CEABD4F92AD8407800DB81F1 /* SideViewModel.swift in Sources */,
				CE8A40BE2A1BFF8F0027FE90 /* HomeViewModel.swift in Sources */,
				CEF907912A20051400C346F4 /* WelcomeViewController.swift in Sources */,
				CE8A40C02A1BFFEC0027FE90 /* HomeCoordinator.swift in Sources */,
				CE4FB22D2A21042D00312F6C /* PokemonListCoordinator.swift in Sources */,
				CE8C94222A1E9C9D00193F5C /* ImageCacheStore.swift in Sources */,
				CEABD4FB2AD840AB00DB81F1 /* Option.swift in Sources */,
				CEABD5192AD84B2D00DB81F1 /* PokemonTeamCoordinator.swift in Sources */,
				CEABD50B2AD8440500DB81F1 /* TeamListViewController.swift in Sources */,
				CE4FB22F2A21047200312F6C /* PokemonListViewModel.swift in Sources */,
				CED485372A264AD700428178 /* PokemonInfoCoordinator.swift in Sources */,
				CEABD5152AD8476300DB81F1 /* PokemonTeamViewModel.swift in Sources */,
				CE8A40C22A1C00AB0027FE90 /* HomeViewController.swift in Sources */,
				CED9E2632A21211500B27DE5 /* LogInViewModel.swift in Sources */,
				CE8A40B72A1BFBBF0027FE90 /* Failure.swift in Sources */,
				CEABD5092AD843D100DB81F1 /* TeamListViewModel.swift in Sources */,
				CED9E2612A2120A000B27DE5 /* LogInCoordinator.swift in Sources */,
				CEEFB80529AE4C2D00DFE86B /* AppStyle.swift in Sources */,
				CE3E3E342A1FB2BB006B8097 /* PokedexResponse.swift in Sources */,
				CED485412A2651E000428178 /* PokemonInfoViewModel.swift in Sources */,
				CE01E92B2A33834800CAF4C1 /* PokemonInfoCollectionViewCell.swift in Sources */,
				CED485392A264B4A00428178 /* PokemonInfo.swift in Sources */,
				CEADD9062A322B8B00524572 /* UIView.swift in Sources */,
				CE8A40BC2A1BFC160027FE90 /* RegionResponse.swift in Sources */,
				CE8A40BA2A1BFC0D0027FE90 /* Region.swift in Sources */,
				CED4853F2A264F3300428178 /* Language.swift in Sources */,
				CEEFB80229AE4B9E00DFE86B /* Router.swift in Sources */,
				CEABD4FD2AD840E200DB81F1 /* SidebarCollectionView.swift in Sources */,
				CEF907852A1FFE7600C346F4 /* UIViewController.swift in Sources */,
				CEF907812A1FEADF00C346F4 /* PokedexListViewController.swift in Sources */,
				CEABD5012AD8412900DB81F1 /* SidebarViewContainer.swift in Sources */,
				CECF31F32A24F5D500131DF0 /* PokemonViewCell.swift in Sources */,
				CEABD4FF2AD8410E00DB81F1 /* SidebarView.swift in Sources */,
				CE8A40C92A1C03510027FE90 /* UICollectionViewController.swift in Sources */,
				CEEFB7FE29AE4AE200DFE86B /* App.swift in Sources */,
				CE4FB2332A21067000312F6C /* Pokemon.swift in Sources */,
				CE4FB2452A21181700312F6C /* LogInViewController.swift in Sources */,
				CEABD5032AD8418F00DB81F1 /* UIWindow.swift in Sources */,
				CE8A40C52A1C02D50027FE90 /* UIAlertController+Builder.swift in Sources */,
				CEF9078B2A20044E00C346F4 /* WelcomeCoordinator.swift in Sources */,
				CEEFB80029AE4AEC00DFE86B /* AppTransition.swift in Sources */,
				CED485452A2652F500428178 /* PokemonInfoViewController.swift in Sources */,
				CEABD50F2AD8446200DB81F1 /* TeamListCoordinator.swift in Sources */,
				CE3E3E362A1FB31F006B8097 /* PokedexViewModel.swift in Sources */,
				CE4FB2362A210B5300312F6C /* PokemonListViewController.swift in Sources */,
				CED4853B2A264F2400428178 /* FlavorText.swift in Sources */,
				CECC75E02974E11C00A77A30 /* AppDelegate.swift in Sources */,
			);
			runOnlyForDeploymentPostprocessing = 0;
		};
		CECC75EE2974E11D00A77A30 /* Sources */ = {
			isa = PBXSourcesBuildPhase;
			buildActionMask = 2147483647;
			files = (
			);
			runOnlyForDeploymentPostprocessing = 0;
		};
		CECC75F82974E11D00A77A30 /* Sources */ = {
			isa = PBXSourcesBuildPhase;
			buildActionMask = 2147483647;
			files = (
			);
			runOnlyForDeploymentPostprocessing = 0;
		};
/* End PBXSourcesBuildPhase section */

/* Begin PBXTargetDependency section */
		CECC75F42974E11D00A77A30 /* PBXTargetDependency */ = {
			isa = PBXTargetDependency;
			target = CECC75DB2974E11C00A77A30 /* poke-test */;
			targetProxy = CECC75F32974E11D00A77A30 /* PBXContainerItemProxy */;
		};
		CECC75FE2974E11D00A77A30 /* PBXTargetDependency */ = {
			isa = PBXTargetDependency;
			target = CECC75DB2974E11C00A77A30 /* poke-test */;
			targetProxy = CECC75FD2974E11D00A77A30 /* PBXContainerItemProxy */;
		};
/* End PBXTargetDependency section */

/* Begin PBXVariantGroup section */
		CECC75EA2974E11C00A77A30 /* LaunchScreen.storyboard */ = {
			isa = PBXVariantGroup;
			children = (
				CECC75EB2974E11C00A77A30 /* Base */,
			);
			name = LaunchScreen.storyboard;
			sourceTree = "<group>";
		};
/* End PBXVariantGroup section */

/* Begin XCBuildConfiguration section */
		CECC76042974E11D00A77A30 /* Debug */ = {
			isa = XCBuildConfiguration;
			buildSettings = {
				ALWAYS_SEARCH_USER_PATHS = NO;
				CLANG_ANALYZER_NONNULL = YES;
				CLANG_ANALYZER_NUMBER_OBJECT_CONVERSION = YES_AGGRESSIVE;
				CLANG_CXX_LANGUAGE_STANDARD = "gnu++20";
				CLANG_ENABLE_MODULES = YES;
				CLANG_ENABLE_OBJC_ARC = YES;
				CLANG_ENABLE_OBJC_WEAK = YES;
				CLANG_WARN_BLOCK_CAPTURE_AUTORELEASING = YES;
				CLANG_WARN_BOOL_CONVERSION = YES;
				CLANG_WARN_COMMA = YES;
				CLANG_WARN_CONSTANT_CONVERSION = YES;
				CLANG_WARN_DEPRECATED_OBJC_IMPLEMENTATIONS = YES;
				CLANG_WARN_DIRECT_OBJC_ISA_USAGE = YES_ERROR;
				CLANG_WARN_DOCUMENTATION_COMMENTS = YES;
				CLANG_WARN_EMPTY_BODY = YES;
				CLANG_WARN_ENUM_CONVERSION = YES;
				CLANG_WARN_INFINITE_RECURSION = YES;
				CLANG_WARN_INT_CONVERSION = YES;
				CLANG_WARN_NON_LITERAL_NULL_CONVERSION = YES;
				CLANG_WARN_OBJC_IMPLICIT_RETAIN_SELF = YES;
				CLANG_WARN_OBJC_LITERAL_CONVERSION = YES;
				CLANG_WARN_OBJC_ROOT_CLASS = YES_ERROR;
				CLANG_WARN_QUOTED_INCLUDE_IN_FRAMEWORK_HEADER = YES;
				CLANG_WARN_RANGE_LOOP_ANALYSIS = YES;
				CLANG_WARN_STRICT_PROTOTYPES = YES;
				CLANG_WARN_SUSPICIOUS_MOVE = YES;
				CLANG_WARN_UNGUARDED_AVAILABILITY = YES_AGGRESSIVE;
				CLANG_WARN_UNREACHABLE_CODE = YES;
				CLANG_WARN__DUPLICATE_METHOD_MATCH = YES;
				COPY_PHASE_STRIP = NO;
				DEBUG_INFORMATION_FORMAT = dwarf;
				ENABLE_STRICT_OBJC_MSGSEND = YES;
				ENABLE_TESTABILITY = YES;
				GCC_C_LANGUAGE_STANDARD = gnu11;
				GCC_DYNAMIC_NO_PIC = NO;
				GCC_NO_COMMON_BLOCKS = YES;
				GCC_OPTIMIZATION_LEVEL = 0;
				GCC_PREPROCESSOR_DEFINITIONS = (
					"DEBUG=1",
					"$(inherited)",
				);
				GCC_WARN_64_TO_32_BIT_CONVERSION = YES;
				GCC_WARN_ABOUT_RETURN_TYPE = YES_ERROR;
				GCC_WARN_UNDECLARED_SELECTOR = YES;
				GCC_WARN_UNINITIALIZED_AUTOS = YES_AGGRESSIVE;
				GCC_WARN_UNUSED_FUNCTION = YES;
				GCC_WARN_UNUSED_VARIABLE = YES;
				IPHONEOS_DEPLOYMENT_TARGET = 16.2;
				MTL_ENABLE_DEBUG_INFO = INCLUDE_SOURCE;
				MTL_FAST_MATH = YES;
				ONLY_ACTIVE_ARCH = YES;
				SDKROOT = iphoneos;
				SWIFT_ACTIVE_COMPILATION_CONDITIONS = DEBUG;
				SWIFT_OPTIMIZATION_LEVEL = "-Onone";
			};
			name = Debug;
		};
		CECC76052974E11D00A77A30 /* Release */ = {
			isa = XCBuildConfiguration;
			buildSettings = {
				ALWAYS_SEARCH_USER_PATHS = NO;
				CLANG_ANALYZER_NONNULL = YES;
				CLANG_ANALYZER_NUMBER_OBJECT_CONVERSION = YES_AGGRESSIVE;
				CLANG_CXX_LANGUAGE_STANDARD = "gnu++20";
				CLANG_ENABLE_MODULES = YES;
				CLANG_ENABLE_OBJC_ARC = YES;
				CLANG_ENABLE_OBJC_WEAK = YES;
				CLANG_WARN_BLOCK_CAPTURE_AUTORELEASING = YES;
				CLANG_WARN_BOOL_CONVERSION = YES;
				CLANG_WARN_COMMA = YES;
				CLANG_WARN_CONSTANT_CONVERSION = YES;
				CLANG_WARN_DEPRECATED_OBJC_IMPLEMENTATIONS = YES;
				CLANG_WARN_DIRECT_OBJC_ISA_USAGE = YES_ERROR;
				CLANG_WARN_DOCUMENTATION_COMMENTS = YES;
				CLANG_WARN_EMPTY_BODY = YES;
				CLANG_WARN_ENUM_CONVERSION = YES;
				CLANG_WARN_INFINITE_RECURSION = YES;
				CLANG_WARN_INT_CONVERSION = YES;
				CLANG_WARN_NON_LITERAL_NULL_CONVERSION = YES;
				CLANG_WARN_OBJC_IMPLICIT_RETAIN_SELF = YES;
				CLANG_WARN_OBJC_LITERAL_CONVERSION = YES;
				CLANG_WARN_OBJC_ROOT_CLASS = YES_ERROR;
				CLANG_WARN_QUOTED_INCLUDE_IN_FRAMEWORK_HEADER = YES;
				CLANG_WARN_RANGE_LOOP_ANALYSIS = YES;
				CLANG_WARN_STRICT_PROTOTYPES = YES;
				CLANG_WARN_SUSPICIOUS_MOVE = YES;
				CLANG_WARN_UNGUARDED_AVAILABILITY = YES_AGGRESSIVE;
				CLANG_WARN_UNREACHABLE_CODE = YES;
				CLANG_WARN__DUPLICATE_METHOD_MATCH = YES;
				COPY_PHASE_STRIP = NO;
				DEBUG_INFORMATION_FORMAT = "dwarf-with-dsym";
				ENABLE_NS_ASSERTIONS = NO;
				ENABLE_STRICT_OBJC_MSGSEND = YES;
				GCC_C_LANGUAGE_STANDARD = gnu11;
				GCC_NO_COMMON_BLOCKS = YES;
				GCC_WARN_64_TO_32_BIT_CONVERSION = YES;
				GCC_WARN_ABOUT_RETURN_TYPE = YES_ERROR;
				GCC_WARN_UNDECLARED_SELECTOR = YES;
				GCC_WARN_UNINITIALIZED_AUTOS = YES_AGGRESSIVE;
				GCC_WARN_UNUSED_FUNCTION = YES;
				GCC_WARN_UNUSED_VARIABLE = YES;
				IPHONEOS_DEPLOYMENT_TARGET = 16.2;
				MTL_ENABLE_DEBUG_INFO = NO;
				MTL_FAST_MATH = YES;
				ONLY_ACTIVE_ARCH = NO;
				SDKROOT = iphoneos;
				SWIFT_COMPILATION_MODE = wholemodule;
				SWIFT_OPTIMIZATION_LEVEL = "-O";
				VALIDATE_PRODUCT = YES;
			};
			name = Release;
		};
		CECC76072974E11D00A77A30 /* Debug */ = {
			isa = XCBuildConfiguration;
			baseConfigurationReference = 67E16816D4E4FE593A4370C7 /* Pods-poke-test.debug.xcconfig */;
			buildSettings = {
				ASSETCATALOG_COMPILER_APPICON_NAME = AppIcon;
				ASSETCATALOG_COMPILER_GLOBAL_ACCENT_COLOR_NAME = AccentColor;
				CODE_SIGN_STYLE = Automatic;
				CURRENT_PROJECT_VERSION = 1;
				DEVELOPMENT_TEAM = U2YUTKJJV6;
				GENERATE_INFOPLIST_FILE = YES;
				INFOPLIST_FILE = "poke-test/Info.plist";
				INFOPLIST_KEY_UIApplicationSupportsIndirectInputEvents = YES;
				INFOPLIST_KEY_UILaunchStoryboardName = LaunchScreen;
				INFOPLIST_KEY_UIMainStoryboardFile = "";
				INFOPLIST_KEY_UISupportedInterfaceOrientations_iPad = "UIInterfaceOrientationPortrait UIInterfaceOrientationPortraitUpsideDown UIInterfaceOrientationLandscapeLeft UIInterfaceOrientationLandscapeRight";
				INFOPLIST_KEY_UISupportedInterfaceOrientations_iPhone = "UIInterfaceOrientationPortrait UIInterfaceOrientationLandscapeLeft UIInterfaceOrientationLandscapeRight";
				IPHONEOS_DEPLOYMENT_TARGET = 16.2;
				LD_RUNPATH_SEARCH_PATHS = (
					"$(inherited)",
					"@executable_path/Frameworks",
				);
				MARKETING_VERSION = 1.0;
				PRODUCT_BUNDLE_IDENTIFIER = "samanthac.pokedextest.poke-test";
				PRODUCT_NAME = "$(TARGET_NAME)";
				SUPPORTED_PLATFORMS = "iphoneos iphonesimulator";
				SUPPORTS_MACCATALYST = NO;
				SUPPORTS_MAC_DESIGNED_FOR_IPHONE_IPAD = NO;
				SWIFT_EMIT_LOC_STRINGS = YES;
				SWIFT_VERSION = 5.0;
				TARGETED_DEVICE_FAMILY = 1;
			};
			name = Debug;
		};
		CECC76082974E11D00A77A30 /* Release */ = {
			isa = XCBuildConfiguration;
			baseConfigurationReference = 60CB7B9A484E351C61C2E94D /* Pods-poke-test.release.xcconfig */;
			buildSettings = {
				ASSETCATALOG_COMPILER_APPICON_NAME = AppIcon;
				ASSETCATALOG_COMPILER_GLOBAL_ACCENT_COLOR_NAME = AccentColor;
				CODE_SIGN_STYLE = Automatic;
				CURRENT_PROJECT_VERSION = 1;
				DEVELOPMENT_TEAM = U2YUTKJJV6;
				GENERATE_INFOPLIST_FILE = YES;
				INFOPLIST_FILE = "poke-test/Info.plist";
				INFOPLIST_KEY_UIApplicationSupportsIndirectInputEvents = YES;
				INFOPLIST_KEY_UILaunchStoryboardName = LaunchScreen;
				INFOPLIST_KEY_UIMainStoryboardFile = "";
				INFOPLIST_KEY_UISupportedInterfaceOrientations_iPad = "UIInterfaceOrientationPortrait UIInterfaceOrientationPortraitUpsideDown UIInterfaceOrientationLandscapeLeft UIInterfaceOrientationLandscapeRight";
				INFOPLIST_KEY_UISupportedInterfaceOrientations_iPhone = "UIInterfaceOrientationPortrait UIInterfaceOrientationLandscapeLeft UIInterfaceOrientationLandscapeRight";
				IPHONEOS_DEPLOYMENT_TARGET = 16.2;
				LD_RUNPATH_SEARCH_PATHS = (
					"$(inherited)",
					"@executable_path/Frameworks",
				);
				MARKETING_VERSION = 1.0;
				PRODUCT_BUNDLE_IDENTIFIER = "samanthac.pokedextest.poke-test";
				PRODUCT_NAME = "$(TARGET_NAME)";
				SUPPORTED_PLATFORMS = "iphoneos iphonesimulator";
				SUPPORTS_MACCATALYST = NO;
				SUPPORTS_MAC_DESIGNED_FOR_IPHONE_IPAD = NO;
				SWIFT_EMIT_LOC_STRINGS = YES;
				SWIFT_VERSION = 5.0;
				TARGETED_DEVICE_FAMILY = 1;
			};
			name = Release;
		};
		CECC760A2974E11D00A77A30 /* Debug */ = {
			isa = XCBuildConfiguration;
			buildSettings = {
				ALWAYS_EMBED_SWIFT_STANDARD_LIBRARIES = YES;
				BUNDLE_LOADER = "$(TEST_HOST)";
				CODE_SIGN_STYLE = Automatic;
				CURRENT_PROJECT_VERSION = 1;
				GENERATE_INFOPLIST_FILE = YES;
				IPHONEOS_DEPLOYMENT_TARGET = 16.2;
				MARKETING_VERSION = 1.0;
				PRODUCT_BUNDLE_IDENTIFIER = "samanthac.pokedextest.poke-testTests";
				PRODUCT_NAME = "$(TARGET_NAME)";
				SWIFT_EMIT_LOC_STRINGS = NO;
				SWIFT_VERSION = 5.0;
				TARGETED_DEVICE_FAMILY = "1,2";
				TEST_HOST = "$(BUILT_PRODUCTS_DIR)/poke-test.app/$(BUNDLE_EXECUTABLE_FOLDER_PATH)/poke-test";
			};
			name = Debug;
		};
		CECC760B2974E11D00A77A30 /* Release */ = {
			isa = XCBuildConfiguration;
			buildSettings = {
				ALWAYS_EMBED_SWIFT_STANDARD_LIBRARIES = YES;
				BUNDLE_LOADER = "$(TEST_HOST)";
				CODE_SIGN_STYLE = Automatic;
				CURRENT_PROJECT_VERSION = 1;
				GENERATE_INFOPLIST_FILE = YES;
				IPHONEOS_DEPLOYMENT_TARGET = 16.2;
				MARKETING_VERSION = 1.0;
				PRODUCT_BUNDLE_IDENTIFIER = "samanthac.pokedextest.poke-testTests";
				PRODUCT_NAME = "$(TARGET_NAME)";
				SWIFT_EMIT_LOC_STRINGS = NO;
				SWIFT_VERSION = 5.0;
				TARGETED_DEVICE_FAMILY = "1,2";
				TEST_HOST = "$(BUILT_PRODUCTS_DIR)/poke-test.app/$(BUNDLE_EXECUTABLE_FOLDER_PATH)/poke-test";
			};
			name = Release;
		};
		CECC760D2974E11D00A77A30 /* Debug */ = {
			isa = XCBuildConfiguration;
			buildSettings = {
				ALWAYS_EMBED_SWIFT_STANDARD_LIBRARIES = YES;
				CODE_SIGN_STYLE = Automatic;
				CURRENT_PROJECT_VERSION = 1;
				GENERATE_INFOPLIST_FILE = YES;
				MARKETING_VERSION = 1.0;
				PRODUCT_BUNDLE_IDENTIFIER = "samanthac.pokedextest.poke-testUITests";
				PRODUCT_NAME = "$(TARGET_NAME)";
				SWIFT_EMIT_LOC_STRINGS = NO;
				SWIFT_VERSION = 5.0;
				TARGETED_DEVICE_FAMILY = "1,2";
				TEST_TARGET_NAME = "poke-test";
			};
			name = Debug;
		};
		CECC760E2974E11D00A77A30 /* Release */ = {
			isa = XCBuildConfiguration;
			buildSettings = {
				ALWAYS_EMBED_SWIFT_STANDARD_LIBRARIES = YES;
				CODE_SIGN_STYLE = Automatic;
				CURRENT_PROJECT_VERSION = 1;
				GENERATE_INFOPLIST_FILE = YES;
				MARKETING_VERSION = 1.0;
				PRODUCT_BUNDLE_IDENTIFIER = "samanthac.pokedextest.poke-testUITests";
				PRODUCT_NAME = "$(TARGET_NAME)";
				SWIFT_EMIT_LOC_STRINGS = NO;
				SWIFT_VERSION = 5.0;
				TARGETED_DEVICE_FAMILY = "1,2";
				TEST_TARGET_NAME = "poke-test";
			};
			name = Release;
		};
/* End XCBuildConfiguration section */

/* Begin XCConfigurationList section */
		CECC75D72974E11C00A77A30 /* Build configuration list for PBXProject "poke-test" */ = {
			isa = XCConfigurationList;
			buildConfigurations = (
				CECC76042974E11D00A77A30 /* Debug */,
				CECC76052974E11D00A77A30 /* Release */,
			);
			defaultConfigurationIsVisible = 0;
			defaultConfigurationName = Release;
		};
		CECC76062974E11D00A77A30 /* Build configuration list for PBXNativeTarget "poke-test" */ = {
			isa = XCConfigurationList;
			buildConfigurations = (
				CECC76072974E11D00A77A30 /* Debug */,
				CECC76082974E11D00A77A30 /* Release */,
			);
			defaultConfigurationIsVisible = 0;
			defaultConfigurationName = Release;
		};
		CECC76092974E11D00A77A30 /* Build configuration list for PBXNativeTarget "poke-testTests" */ = {
			isa = XCConfigurationList;
			buildConfigurations = (
				CECC760A2974E11D00A77A30 /* Debug */,
				CECC760B2974E11D00A77A30 /* Release */,
			);
			defaultConfigurationIsVisible = 0;
			defaultConfigurationName = Release;
		};
		CECC760C2974E11D00A77A30 /* Build configuration list for PBXNativeTarget "poke-testUITests" */ = {
			isa = XCConfigurationList;
			buildConfigurations = (
				CECC760D2974E11D00A77A30 /* Debug */,
				CECC760E2974E11D00A77A30 /* Release */,
			);
			defaultConfigurationIsVisible = 0;
			defaultConfigurationName = Release;
		};
/* End XCConfigurationList section */

/* Begin XCRemoteSwiftPackageReference section */
		CE4FB2372A21157A00312F6C /* XCRemoteSwiftPackageReference "GoogleSignIn-iOS" */ = {
			isa = XCRemoteSwiftPackageReference;
			repositoryURL = "https://github.com/google/GoogleSignIn-iOS";
			requirement = {
				kind = upToNextMajorVersion;
				minimumVersion = 7.0.0;
			};
		};
		CE8A40A92A1BF9B40027FE90 /* XCRemoteSwiftPackageReference "firebase-ios-sdk" */ = {
			isa = XCRemoteSwiftPackageReference;
			repositoryURL = "https://github.com/firebase/firebase-ios-sdk";
			requirement = {
				kind = upToNextMajorVersion;
				minimumVersion = 10.0.0;
			};
		};
		CE8A40B02A1BFA470027FE90 /* XCRemoteSwiftPackageReference "CodableFirebase" */ = {
			isa = XCRemoteSwiftPackageReference;
			repositoryURL = "https://github.com/alickbass/CodableFirebase.git";
			requirement = {
				kind = upToNextMajorVersion;
				minimumVersion = 0.2.2;
			};
		};
/* End XCRemoteSwiftPackageReference section */

/* Begin XCSwiftPackageProductDependency section */
		CE4FB2382A21157A00312F6C /* GoogleSignIn */ = {
			isa = XCSwiftPackageProductDependency;
			package = CE4FB2372A21157A00312F6C /* XCRemoteSwiftPackageReference "GoogleSignIn-iOS" */;
			productName = GoogleSignIn;
		};
		CE4FB23A2A21157A00312F6C /* GoogleSignInSwift */ = {
			isa = XCSwiftPackageProductDependency;
			package = CE4FB2372A21157A00312F6C /* XCRemoteSwiftPackageReference "GoogleSignIn-iOS" */;
			productName = GoogleSignInSwift;
		};
		CE8A40AA2A1BF9B40027FE90 /* FirebaseAnalytics */ = {
			isa = XCSwiftPackageProductDependency;
			package = CE8A40A92A1BF9B40027FE90 /* XCRemoteSwiftPackageReference "firebase-ios-sdk" */;
			productName = FirebaseAnalytics;
		};
		CE8A40AC2A1BF9B40027FE90 /* FirebaseDatabase */ = {
			isa = XCSwiftPackageProductDependency;
			package = CE8A40A92A1BF9B40027FE90 /* XCRemoteSwiftPackageReference "firebase-ios-sdk" */;
			productName = FirebaseDatabase;
		};
		CE8A40AE2A1BF9B40027FE90 /* FirebaseDatabaseSwift */ = {
			isa = XCSwiftPackageProductDependency;
			package = CE8A40A92A1BF9B40027FE90 /* XCRemoteSwiftPackageReference "firebase-ios-sdk" */;
			productName = FirebaseDatabaseSwift;
		};
		CE8A40B12A1BFA470027FE90 /* CodableFirebase */ = {
			isa = XCSwiftPackageProductDependency;
			package = CE8A40B02A1BFA470027FE90 /* XCRemoteSwiftPackageReference "CodableFirebase" */;
			productName = CodableFirebase;
		};
		CED9E2672A2123F800B27DE5 /* FirebaseAuth */ = {
			isa = XCSwiftPackageProductDependency;
			package = CE8A40A92A1BF9B40027FE90 /* XCRemoteSwiftPackageReference "firebase-ios-sdk" */;
			productName = FirebaseAuth;
		};
/* End XCSwiftPackageProductDependency section */
	};
	rootObject = CECC75D42974E11C00A77A30 /* Project object */;
}
